// !$*UTF8*$!
{
	archiveVersion = 1;
	classes = {
	};
	objectVersion = 56;
	objects = {

/* Begin PBXBuildFile section */
		39E19CC629F8FB52005E536B /* AppDelegate.swift in Sources */ = {isa = PBXBuildFile; fileRef = 39E19CC529F8FB52005E536B /* AppDelegate.swift */; };
		39E19CC829F8FB52005E536B /* SceneDelegate.swift in Sources */ = {isa = PBXBuildFile; fileRef = 39E19CC729F8FB52005E536B /* SceneDelegate.swift */; };
		39E19CCA29F8FB52005E536B /* ViewController.swift in Sources */ = {isa = PBXBuildFile; fileRef = 39E19CC929F8FB52005E536B /* ViewController.swift */; };
		39E19CCD29F8FB52005E536B /* Main.storyboard in Resources */ = {isa = PBXBuildFile; fileRef = 39E19CCB29F8FB52005E536B /* Main.storyboard */; };
		39E19CCF29F8FB53005E536B /* Assets.xcassets in Resources */ = {isa = PBXBuildFile; fileRef = 39E19CCE29F8FB53005E536B /* Assets.xcassets */; };
		39E19CD229F8FB53005E536B /* LaunchScreen.storyboard in Resources */ = {isa = PBXBuildFile; fileRef = 39E19CD029F8FB53005E536B /* LaunchScreen.storyboard */; };
		39E19CF729F8FBAE005E536B /* MyVC.swift in Sources */ = {isa = PBXBuildFile; fileRef = 39E19CF629F8FBAE005E536B /* MyVC.swift */; };
		39E19D0229F8FE6A005E536B /* ApiHelper.swift in Sources */ = {isa = PBXBuildFile; fileRef = 39E19CFF29F8FE6A005E536B /* ApiHelper.swift */; };
		39E19D0329F8FE6A005E536B /* MyAlert.swift in Sources */ = {isa = PBXBuildFile; fileRef = 39E19D0029F8FE6A005E536B /* MyAlert.swift */; };
		39E19D0429F8FE6A005E536B /* Log.swift in Sources */ = {isa = PBXBuildFile; fileRef = 39E19D0129F8FE6A005E536B /* Log.swift */; };
/* End PBXBuildFile section */

/* Begin PBXFileReference section */
		39E19CC229F8FB52005E536B /* FianlProject2.app */ = {isa = PBXFileReference; explicitFileType = wrapper.application; includeInIndex = 0; path = FianlProject2.app; sourceTree = BUILT_PRODUCTS_DIR; };
		39E19CC529F8FB52005E536B /* AppDelegate.swift */ = {isa = PBXFileReference; lastKnownFileType = sourcecode.swift; path = AppDelegate.swift; sourceTree = "<group>"; };
		39E19CC729F8FB52005E536B /* SceneDelegate.swift */ = {isa = PBXFileReference; lastKnownFileType = sourcecode.swift; path = SceneDelegate.swift; sourceTree = "<group>"; };
		39E19CC929F8FB52005E536B /* ViewController.swift */ = {isa = PBXFileReference; lastKnownFileType = sourcecode.swift; path = ViewController.swift; sourceTree = "<group>"; };
		39E19CCC29F8FB52005E536B /* Base */ = {isa = PBXFileReference; lastKnownFileType = file.storyboard; name = Base; path = Base.lproj/Main.storyboard; sourceTree = "<group>"; };
		39E19CCE29F8FB53005E536B /* Assets.xcassets */ = {isa = PBXFileReference; lastKnownFileType = folder.assetcatalog; path = Assets.xcassets; sourceTree = "<group>"; };
		39E19CD129F8FB53005E536B /* Base */ = {isa = PBXFileReference; lastKnownFileType = file.storyboard; name = Base; path = Base.lproj/LaunchScreen.storyboard; sourceTree = "<group>"; };
		39E19CD329F8FB53005E536B /* Info.plist */ = {isa = PBXFileReference; lastKnownFileType = text.plist.xml; path = Info.plist; sourceTree = "<group>"; };
		39E19CF629F8FBAE005E536B /* MyVC.swift */ = {isa = PBXFileReference; lastKnownFileType = sourcecode.swift; path = MyVC.swift; sourceTree = "<group>"; };
		39E19CFF29F8FE6A005E536B /* ApiHelper.swift */ = {isa = PBXFileReference; fileEncoding = 4; lastKnownFileType = sourcecode.swift; path = ApiHelper.swift; sourceTree = "<group>"; };
		39E19D0029F8FE6A005E536B /* MyAlert.swift */ = {isa = PBXFileReference; fileEncoding = 4; lastKnownFileType = sourcecode.swift; path = MyAlert.swift; sourceTree = "<group>"; };
		39E19D0129F8FE6A005E536B /* Log.swift */ = {isa = PBXFileReference; fileEncoding = 4; lastKnownFileType = sourcecode.swift; path = Log.swift; sourceTree = "<group>"; };
/* End PBXFileReference section */

/* Begin PBXFrameworksBuildPhase section */
		39E19CBF29F8FB52005E536B /* Frameworks */ = {
			isa = PBXFrameworksBuildPhase;
			buildActionMask = 2147483647;
			files = (
			);
			runOnlyForDeploymentPostprocessing = 0;
		};
/* End PBXFrameworksBuildPhase section */

/* Begin PBXGroup section */
		39E19CB929F8FB52005E536B = {
			isa = PBXGroup;
			children = (
				39E19CC429F8FB52005E536B /* FianlProject2 */,
				39E19CC329F8FB52005E536B /* Products */,
			);
			sourceTree = "<group>";
		};
		39E19CC329F8FB52005E536B /* Products */ = {
			isa = PBXGroup;
			children = (
				39E19CC229F8FB52005E536B /* FianlProject2.app */,
			);
			name = Products;
			sourceTree = "<group>";
		};
		39E19CC429F8FB52005E536B /* FianlProject2 */ = {
			isa = PBXGroup;
			children = (
				39E19CF829F8FE05005E536B /* Tools */,
				39E19CF529F8FB9B005E536B /* ViewControllers */,
				39E19CC529F8FB52005E536B /* AppDelegate.swift */,
				39E19CC729F8FB52005E536B /* SceneDelegate.swift */,
				39E19CC929F8FB52005E536B /* ViewController.swift */,
				39E19CCB29F8FB52005E536B /* Main.storyboard */,
				39E19CCE29F8FB53005E536B /* Assets.xcassets */,
				39E19CD029F8FB53005E536B /* LaunchScreen.storyboard */,
				39E19CD329F8FB53005E536B /* Info.plist */,
			);
			path = FianlProject2;
			sourceTree = "<group>";
		};
		39E19CF529F8FB9B005E536B /* ViewControllers */ = {
			isa = PBXGroup;
			children = (
				39E19CF629F8FBAE005E536B /* MyVC.swift */,
			);
			path = ViewControllers;
			sourceTree = "<group>";
		};
		39E19CF829F8FE05005E536B /* Tools */ = {
			isa = PBXGroup;
			children = (
				39E19CFF29F8FE6A005E536B /* ApiHelper.swift */,
				39E19D0129F8FE6A005E536B /* Log.swift */,
				39E19D0029F8FE6A005E536B /* MyAlert.swift */,
			);
			path = Tools;
			sourceTree = "<group>";
		};
/* End PBXGroup section */

/* Begin PBXNativeTarget section */
		39E19CC129F8FB52005E536B /* FianlProject2 */ = {
			isa = PBXNativeTarget;
			buildConfigurationList = 39E19CEC29F8FB53005E536B /* Build configuration list for PBXNativeTarget "FianlProject2" */;
			buildPhases = (
				39E19CBE29F8FB52005E536B /* Sources */,
				39E19CBF29F8FB52005E536B /* Frameworks */,
				39E19CC029F8FB52005E536B /* Resources */,
			);
			buildRules = (
			);
			dependencies = (
			);
			name = FianlProject2;
			productName = FianlProject2;
			productReference = 39E19CC229F8FB52005E536B /* FianlProject2.app */;
			productType = "com.apple.product-type.application";
		};
/* End PBXNativeTarget section */

/* Begin PBXProject section */
		39E19CBA29F8FB52005E536B /* Project object */ = {
			isa = PBXProject;
			attributes = {
				BuildIndependentTargetsInParallel = 1;
				LastSwiftUpdateCheck = 1430;
				LastUpgradeCheck = 1430;
				TargetAttributes = {
					39E19CC129F8FB52005E536B = {
						CreatedOnToolsVersion = 14.3;
					};
				};
			};
			buildConfigurationList = 39E19CBD29F8FB52005E536B /* Build configuration list for PBXProject "FianlProject2" */;
			compatibilityVersion = "Xcode 14.0";
			developmentRegion = en;
			hasScannedForEncodings = 0;
			knownRegions = (
				en,
				Base,
			);
			mainGroup = 39E19CB929F8FB52005E536B;
			productRefGroup = 39E19CC329F8FB52005E536B /* Products */;
			projectDirPath = "";
			projectRoot = "";
			targets = (
				39E19CC129F8FB52005E536B /* FianlProject2 */,
			);
		};
/* End PBXProject section */

/* Begin PBXResourcesBuildPhase section */
		39E19CC029F8FB52005E536B /* Resources */ = {
			isa = PBXResourcesBuildPhase;
			buildActionMask = 2147483647;
			files = (
				39E19CD229F8FB53005E536B /* LaunchScreen.storyboard in Resources */,
				39E19CCF29F8FB53005E536B /* Assets.xcassets in Resources */,
				39E19CCD29F8FB52005E536B /* Main.storyboard in Resources */,
			);
			runOnlyForDeploymentPostprocessing = 0;
		};
/* End PBXResourcesBuildPhase section */

/* Begin PBXSourcesBuildPhase section */
		39E19CBE29F8FB52005E536B /* Sources */ = {
			isa = PBXSourcesBuildPhase;
			buildActionMask = 2147483647;
			files = (
				39E19CF729F8FBAE005E536B /* MyVC.swift in Sources */,
				39E19D0429F8FE6A005E536B /* Log.swift in Sources */,
				39E19CCA29F8FB52005E536B /* ViewController.swift in Sources */,
				39E19CC629F8FB52005E536B /* AppDelegate.swift in Sources */,
				39E19CC829F8FB52005E536B /* SceneDelegate.swift in Sources */,
				39E19D0329F8FE6A005E536B /* MyAlert.swift in Sources */,
				39E19D0229F8FE6A005E536B /* ApiHelper.swift in Sources */,
			);
			runOnlyForDeploymentPostprocessing = 0;
		};
/* End PBXSourcesBuildPhase section */

/* Begin PBXVariantGroup section */
		39E19CCB29F8FB52005E536B /* Main.storyboard */ = {
			isa = PBXVariantGroup;
			children = (
				39E19CCC29F8FB52005E536B /* Base */,
			);
			name = Main.storyboard;
			sourceTree = "<group>";
		};
		39E19CD029F8FB53005E536B /* LaunchScreen.storyboard */ = {
			isa = PBXVariantGroup;
			children = (
				39E19CD129F8FB53005E536B /* Base */,
			);
			name = LaunchScreen.storyboard;
			sourceTree = "<group>";
		};
/* End PBXVariantGroup section */

/* Begin XCBuildConfiguration section */
		39E19CEA29F8FB53005E536B /* Debug */ = {
			isa = XCBuildConfiguration;
			buildSettings = {
				ALWAYS_SEARCH_USER_PATHS = NO;
				CLANG_ANALYZER_NONNULL = YES;
				CLANG_ANALYZER_NUMBER_OBJECT_CONVERSION = YES_AGGRESSIVE;
				CLANG_CXX_LANGUAGE_STANDARD = "gnu++20";
				CLANG_ENABLE_MODULES = YES;
				CLANG_ENABLE_OBJC_ARC = YES;
				CLANG_ENABLE_OBJC_WEAK = YES;
				CLANG_WARN_BLOCK_CAPTURE_AUTORELEASING = YES;
				CLANG_WARN_BOOL_CONVERSION = YES;
				CLANG_WARN_COMMA = YES;
				CLANG_WARN_CONSTANT_CONVERSION = YES;
				CLANG_WARN_DEPRECATED_OBJC_IMPLEMENTATIONS = YES;
				CLANG_WARN_DIRECT_OBJC_ISA_USAGE = YES_ERROR;
				CLANG_WARN_DOCUMENTATION_COMMENTS = YES;
				CLANG_WARN_EMPTY_BODY = YES;
				CLANG_WARN_ENUM_CONVERSION = YES;
				CLANG_WARN_INFINITE_RECURSION = YES;
				CLANG_WARN_INT_CONVERSION = YES;
				CLANG_WARN_NON_LITERAL_NULL_CONVERSION = YES;
				CLANG_WARN_OBJC_IMPLICIT_RETAIN_SELF = YES;
				CLANG_WARN_OBJC_LITERAL_CONVERSION = YES;
				CLANG_WARN_OBJC_ROOT_CLASS = YES_ERROR;
				CLANG_WARN_QUOTED_INCLUDE_IN_FRAMEWORK_HEADER = YES;
				CLANG_WARN_RANGE_LOOP_ANALYSIS = YES;
				CLANG_WARN_STRICT_PROTOTYPES = YES;
				CLANG_WARN_SUSPICIOUS_MOVE = YES;
				CLANG_WARN_UNGUARDED_AVAILABILITY = YES_AGGRESSIVE;
				CLANG_WARN_UNREACHABLE_CODE = YES;
				CLANG_WARN__DUPLICATE_METHOD_MATCH = YES;
				COPY_PHASE_STRIP = NO;
				DEBUG_INFORMATION_FORMAT = dwarf;
				ENABLE_STRICT_OBJC_MSGSEND = YES;
				ENABLE_TESTABILITY = YES;
				GCC_C_LANGUAGE_STANDARD = gnu11;
				GCC_DYNAMIC_NO_PIC = NO;
				GCC_NO_COMMON_BLOCKS = YES;
				GCC_OPTIMIZATION_LEVEL = 0;
				GCC_PREPROCESSOR_DEFINITIONS = (
					"DEBUG=1",
					"$(inherited)",
				);
				GCC_WARN_64_TO_32_BIT_CONVERSION = YES;
				GCC_WARN_ABOUT_RETURN_TYPE = YES_ERROR;
				GCC_WARN_UNDECLARED_SELECTOR = YES;
				GCC_WARN_UNINITIALIZED_AUTOS = YES_AGGRESSIVE;
				GCC_WARN_UNUSED_FUNCTION = YES;
				GCC_WARN_UNUSED_VARIABLE = YES;
				IPHONEOS_DEPLOYMENT_TARGET = 16.4;
				MTL_ENABLE_DEBUG_INFO = INCLUDE_SOURCE;
				MTL_FAST_MATH = YES;
				ONLY_ACTIVE_ARCH = YES;
				SDKROOT = iphoneos;
				SWIFT_ACTIVE_COMPILATION_CONDITIONS = DEBUG;
				SWIFT_OPTIMIZATION_LEVEL = "-Onone";
			};
			name = Debug;
		};
		39E19CEB29F8FB53005E536B /* Release */ = {
			isa = XCBuildConfiguration;
			buildSettings = {
				ALWAYS_SEARCH_USER_PATHS = NO;
				CLANG_ANALYZER_NONNULL = YES;
				CLANG_ANALYZER_NUMBER_OBJECT_CONVERSION = YES_AGGRESSIVE;
				CLANG_CXX_LANGUAGE_STANDARD = "gnu++20";
				CLANG_ENABLE_MODULES = YES;
				CLANG_ENABLE_OBJC_ARC = YES;
				CLANG_ENABLE_OBJC_WEAK = YES;
				CLANG_WARN_BLOCK_CAPTURE_AUTORELEASING = YES;
				CLANG_WARN_BOOL_CONVERSION = YES;
				CLANG_WARN_COMMA = YES;
				CLANG_WARN_CONSTANT_CONVERSION = YES;
				CLANG_WARN_DEPRECATED_OBJC_IMPLEMENTATIONS = YES;
				CLANG_WARN_DIRECT_OBJC_ISA_USAGE = YES_ERROR;
				CLANG_WARN_DOCUMENTATION_COMMENTS = YES;
				CLANG_WARN_EMPTY_BODY = YES;
				CLANG_WARN_ENUM_CONVERSION = YES;
				CLANG_WARN_INFINITE_RECURSION = YES;
				CLANG_WARN_INT_CONVERSION = YES;
				CLANG_WARN_NON_LITERAL_NULL_CONVERSION = YES;
				CLANG_WARN_OBJC_IMPLICIT_RETAIN_SELF = YES;
				CLANG_WARN_OBJC_LITERAL_CONVERSION = YES;
				CLANG_WARN_OBJC_ROOT_CLASS = YES_ERROR;
				CLANG_WARN_QUOTED_INCLUDE_IN_FRAMEWORK_HEADER = YES;
				CLANG_WARN_RANGE_LOOP_ANALYSIS = YES;
				CLANG_WARN_STRICT_PROTOTYPES = YES;
				CLANG_WARN_SUSPICIOUS_MOVE = YES;
				CLANG_WARN_UNGUARDED_AVAILABILITY = YES_AGGRESSIVE;
				CLANG_WARN_UNREACHABLE_CODE = YES;
				CLANG_WARN__DUPLICATE_METHOD_MATCH = YES;
				COPY_PHASE_STRIP = NO;
				DEBUG_INFORMATION_FORMAT = "dwarf-with-dsym";
				ENABLE_NS_ASSERTIONS = NO;
				ENABLE_STRICT_OBJC_MSGSEND = YES;
				GCC_C_LANGUAGE_STANDARD = gnu11;
				GCC_NO_COMMON_BLOCKS = YES;
				GCC_WARN_64_TO_32_BIT_CONVERSION = YES;
				GCC_WARN_ABOUT_RETURN_TYPE = YES_ERROR;
				GCC_WARN_UNDECLARED_SELECTOR = YES;
				GCC_WARN_UNINITIALIZED_AUTOS = YES_AGGRESSIVE;
				GCC_WARN_UNUSED_FUNCTION = YES;
				GCC_WARN_UNUSED_VARIABLE = YES;
				IPHONEOS_DEPLOYMENT_TARGET = 16.4;
				MTL_ENABLE_DEBUG_INFO = NO;
				MTL_FAST_MATH = YES;
				SDKROOT = iphoneos;
				SWIFT_COMPILATION_MODE = wholemodule;
				SWIFT_OPTIMIZATION_LEVEL = "-O";
				VALIDATE_PRODUCT = YES;
			};
			name = Release;
		};
		39E19CED29F8FB53005E536B /* Debug */ = {
			isa = XCBuildConfiguration;
			buildSettings = {
				ASSETCATALOG_COMPILER_APPICON_NAME = AppIcon;
				ASSETCATALOG_COMPILER_GLOBAL_ACCENT_COLOR_NAME = AccentColor;
				CODE_SIGN_STYLE = Automatic;
				CURRENT_PROJECT_VERSION = 1;
				GENERATE_INFOPLIST_FILE = YES;
				INFOPLIST_FILE = FianlProject2/Info.plist;
				INFOPLIST_KEY_UIApplicationSupportsIndirectInputEvents = YES;
				INFOPLIST_KEY_UILaunchStoryboardName = LaunchScreen;
				INFOPLIST_KEY_UIMainStoryboardFile = Main;
				INFOPLIST_KEY_UISupportedInterfaceOrientations_iPad = "UIInterfaceOrientationPortrait UIInterfaceOrientationPortraitUpsideDown UIInterfaceOrientationLandscapeLeft UIInterfaceOrientationLandscapeRight";
				INFOPLIST_KEY_UISupportedInterfaceOrientations_iPhone = "UIInterfaceOrientationPortrait UIInterfaceOrientationLandscapeLeft UIInterfaceOrientationLandscapeRight";
				LD_RUNPATH_SEARCH_PATHS = (
					"$(inherited)",
					"@executable_path/Frameworks",
				);
				MARKETING_VERSION = 1.0;
				PRODUCT_BUNDLE_IDENTIFIER = com.bohan.FianlProject2;
				PRODUCT_NAME = "$(TARGET_NAME)";
				SWIFT_EMIT_LOC_STRINGS = YES;
				SWIFT_VERSION = 5.0;
				TARGETED_DEVICE_FAMILY = "1,2";
			};
			name = Debug;
		};
		39E19CEE29F8FB53005E536B /* Release */ = {
			isa = XCBuildConfiguration;
			buildSettings = {
				ASSETCATALOG_COMPILER_APPICON_NAME = AppIcon;
				ASSETCATALOG_COMPILER_GLOBAL_ACCENT_COLOR_NAME = AccentColor;
				CODE_SIGN_STYLE = Automatic;
				CURRENT_PROJECT_VERSION = 1;
				GENERATE_INFOPLIST_FILE = YES;
				INFOPLIST_FILE = FianlProject2/Info.plist;
				INFOPLIST_KEY_UIApplicationSupportsIndirectInputEvents = YES;
				INFOPLIST_KEY_UILaunchStoryboardName = LaunchScreen;
				INFOPLIST_KEY_UIMainStoryboardFile = Main;
				INFOPLIST_KEY_UISupportedInterfaceOrientations_iPad = "UIInterfaceOrientationPortrait UIInterfaceOrientationPortraitUpsideDown UIInterfaceOrientationLandscapeLeft UIInterfaceOrientationLandscapeRight";
				INFOPLIST_KEY_UISupportedInterfaceOrientations_iPhone = "UIInterfaceOrientationPortrait UIInterfaceOrientationLandscapeLeft UIInterfaceOrientationLandscapeRight";
				LD_RUNPATH_SEARCH_PATHS = (
					"$(inherited)",
					"@executable_path/Frameworks",
				);
				MARKETING_VERSION = 1.0;
				PRODUCT_BUNDLE_IDENTIFIER = com.bohan.FianlProject2;
				PRODUCT_NAME = "$(TARGET_NAME)";
				SWIFT_EMIT_LOC_STRINGS = YES;
				SWIFT_VERSION = 5.0;
				TARGETED_DEVICE_FAMILY = "1,2";
			};
			name = Release;
		};
/* End XCBuildConfiguration section */

/* Begin XCConfigurationList section */
		39E19CBD29F8FB52005E536B /* Build configuration list for PBXProject "FianlProject2" */ = {
			isa = XCConfigurationList;
			buildConfigurations = (
				39E19CEA29F8FB53005E536B /* Debug */,
				39E19CEB29F8FB53005E536B /* Release */,
			);
			defaultConfigurationIsVisible = 0;
			defaultConfigurationName = Release;
		};
		39E19CEC29F8FB53005E536B /* Build configuration list for PBXNativeTarget "FianlProject2" */ = {
			isa = XCConfigurationList;
			buildConfigurations = (
				39E19CED29F8FB53005E536B /* Debug */,
				39E19CEE29F8FB53005E536B /* Release */,
			);
			defaultConfigurationIsVisible = 0;
			defaultConfigurationName = Release;
		};
/* End XCConfigurationList section */
	};
	rootObject = 39E19CBA29F8FB52005E536B /* Project object */;
}
