
Microsoft Visual Studio Solution File, Format Version 12.00
Project("{FAE04EC0-301F-11D3-BF4B-00C04F79EFBC}") = "GetStartedAvaloniaApp", "GetStartedAvaloniaApp\GetStartedAvaloniaApp\GetStartedAvaloniaApp.csproj", "{7E896530-1253-46E3-B1DF-7C5269B890EF}"
EndProject
Project("{FAE04EC0-301F-11D3-BF4B-00C04F79EFBC}") = "GetStartedAvaloniaApp.Android", "GetStartedAvaloniaApp\GetStartedAvaloniaApp.Android\GetStartedAvaloniaApp.Android.csproj", "{849B3C18-A862-4442-9F5F-9435A3323CA8}"
EndProject
Project("{FAE04EC0-301F-11D3-BF4B-00C04F79EFBC}") = "GetStartedAvaloniaApp.Desktop", "GetStartedAvaloniaApp\GetStartedAvaloniaApp.Desktop\GetStartedAvaloniaApp.Desktop.csproj", "{16B9D580-C674-4D5A-8904-A937B20D599B}"
EndProject
Project("{FAE04EC0-301F-11D3-BF4B-00C04F79EFBC}") = "GetStartedAvaloniaApp.iOS", "GetStartedAvaloniaApp\GetStartedAvaloniaApp.iOS\GetStartedAvaloniaApp.iOS.csproj", "{FE4E9406-6EFE-4F8B-BCE7-C8E6F5A65B64}"
EndProject
Project("{FAE04EC0-301F-11D3-BF4B-00C04F79EFBC}") = "GetStartedAvaloniaApp.Browser", "GetStartedAvaloniaApp\GetStartedAvaloniaApp.Browser\GetStartedAvaloniaApp.Browser.csproj", "{C54A1105-DF99-4192-9154-4FB4B0AE9FB7}"
EndProject
Global
	GlobalSection(SolutionConfigurationPlatforms) = preSolution
		Debug|Any CPU = Debug|Any CPU
		Release|Any CPU = Release|Any CPU
	EndGlobalSection
	GlobalSection(ProjectConfigurationPlatforms) = postSolution
		{7E896530-1253-46E3-B1DF-7C5269B890EF}.Debug|Any CPU.ActiveCfg = Debug|Any CPU
		{7E896530-1253-46E3-B1DF-7C5269B890EF}.Debug|Any CPU.Build.0 = Debug|Any CPU
		{7E896530-1253-46E3-B1DF-7C5269B890EF}.Release|Any CPU.ActiveCfg = Release|Any CPU
		{7E896530-1253-46E3-B1DF-7C5269B890EF}.Release|Any CPU.Build.0 = Release|Any CPU
		{849B3C18-A862-4442-9F5F-9435A3323CA8}.Debug|Any CPU.ActiveCfg = Debug|Any CPU
		{849B3C18-A862-4442-9F5F-9435A3323CA8}.Debug|Any CPU.Build.0 = Debug|Any CPU
		{849B3C18-A862-4442-9F5F-9435A3323CA8}.Debug|Any CPU.Deploy.0 = Debug|Any CPU
		{849B3C18-A862-4442-9F5F-9435A3323CA8}.Release|Any CPU.ActiveCfg = Release|Any CPU
		{849B3C18-A862-4442-9F5F-9435A3323CA8}.Release|Any CPU.Build.0 = Release|Any CPU
		{849B3C18-A862-4442-9F5F-9435A3323CA8}.Release|Any CPU.Deploy.0 = Release|Any CPU
		{16B9D580-C674-4D5A-8904-A937B20D599B}.Debug|Any CPU.ActiveCfg = Debug|Any CPU
		{16B9D580-C674-4D5A-8904-A937B20D599B}.Debug|Any CPU.Build.0 = Debug|Any CPU
		{16B9D580-C674-4D5A-8904-A937B20D599B}.Release|Any CPU.ActiveCfg = Release|Any CPU
		{16B9D580-C674-4D5A-8904-A937B20D599B}.Release|Any CPU.Build.0 = Release|Any CPU
		{FE4E9406-6EFE-4F8B-BCE7-C8E6F5A65B64}.Debug|Any CPU.ActiveCfg = Debug|Any CPU
		{FE4E9406-6EFE-4F8B-BCE7-C8E6F5A65B64}.Debug|Any CPU.Build.0 = Debug|Any CPU
		{FE4E9406-6EFE-4F8B-BCE7-C8E6F5A65B64}.Debug|Any CPU.Deploy.0 = Debug|Any CPU
		{FE4E9406-6EFE-4F8B-BCE7-C8E6F5A65B64}.Release|Any CPU.ActiveCfg = Release|Any CPU
		{FE4E9406-6EFE-4F8B-BCE7-C8E6F5A65B64}.Release|Any CPU.Build.0 = Release|Any CPU
		{FE4E9406-6EFE-4F8B-BCE7-C8E6F5A65B64}.Release|Any CPU.Deploy.0 = Release|Any CPU
		{C54A1105-DF99-4192-9154-4FB4B0AE9FB7}.Debug|Any CPU.ActiveCfg = Debug|Any CPU
		{C54A1105-DF99-4192-9154-4FB4B0AE9FB7}.Debug|Any CPU.Build.0 = Debug|Any CPU
		{C54A1105-DF99-4192-9154-4FB4B0AE9FB7}.Release|Any CPU.ActiveCfg = Release|Any CPU
		{C54A1105-DF99-4192-9154-4FB4B0AE9FB7}.Release|Any CPU.Build.0 = Release|Any CPU
	EndGlobalSection
EndGlobal
